// !$*UTF8*$!
{
	archiveVersion = 1;
	classes = {
	};
	objectVersion = 46;
	objects = {

/* Begin PBXBuildFile section */
		D00B6D2A1BA41AB20033B1AB /* main.m in Sources */ = {isa = PBXBuildFile; fileRef = D00B6D291BA41AB20033B1AB /* main.m */; };
		D00B6D321BA41BBF0033B1AB /* Apple.m in Sources */ = {isa = PBXBuildFile; fileRef = D00B6D311BA41BBF0033B1AB /* Apple.m */; };
		D00B6D351BA422980033B1AB /* Tree.m in Sources */ = {isa = PBXBuildFile; fileRef = D00B6D341BA422980033B1AB /* Tree.m */; };
		D03E84D21BB589D000C6772F /* BasketIterator.m in Sources */ = {isa = PBXBuildFile; fileRef = D03E84D11BB589D000C6772F /* BasketIterator.m */; };
		D03E84D51BB58ADF00C6772F /* Fruit.m in Sources */ = {isa = PBXBuildFile; fileRef = D03E84D41BB58ADF00C6772F /* Fruit.m */; };
		D03E84D91BB58D1D00C6772F /* Basket.m in Sources */ = {isa = PBXBuildFile; fileRef = D03E84D81BB58D1D00C6772F /* Basket.m */; };
/* End PBXBuildFile section */

/* Begin PBXCopyFilesBuildPhase section */
		D00B6D241BA41AB20033B1AB /* CopyFiles */ = {
			isa = PBXCopyFilesBuildPhase;
			buildActionMask = 2147483647;
			dstPath = /usr/share/man/man1/;
			dstSubfolderSpec = 0;
			files = (
			);
			runOnlyForDeploymentPostprocessing = 1;
		};
/* End PBXCopyFilesBuildPhase section */

/* Begin PBXFileReference section */
		D00B6D261BA41AB20033B1AB /* AppleTree */ = {isa = PBXFileReference; explicitFileType = "compiled.mach-o.executable"; includeInIndex = 0; path = AppleTree; sourceTree = BUILT_PRODUCTS_DIR; };
		D00B6D291BA41AB20033B1AB /* main.m */ = {isa = PBXFileReference; lastKnownFileType = sourcecode.c.objc; path = main.m; sourceTree = "<group>"; };
		D00B6D301BA41AE00033B1AB /* Apple.h */ = {isa = PBXFileReference; lastKnownFileType = sourcecode.c.h; path = Apple.h; sourceTree = "<group>"; };
		D00B6D311BA41BBF0033B1AB /* Apple.m */ = {isa = PBXFileReference; fileEncoding = 4; lastKnownFileType = sourcecode.c.objc; path = Apple.m; sourceTree = "<group>"; };
		D00B6D331BA422870033B1AB /* Tree.h */ = {isa = PBXFileReference; lastKnownFileType = sourcecode.c.h; path = Tree.h; sourceTree = "<group>"; };
		D00B6D341BA422980033B1AB /* Tree.m */ = {isa = PBXFileReference; fileEncoding = 4; lastKnownFileType = sourcecode.c.objc; path = Tree.m; sourceTree = "<group>"; };
		D03E84D01BB5898900C6772F /* BasketIterator.h */ = {isa = PBXFileReference; lastKnownFileType = sourcecode.c.h; path = BasketIterator.h; sourceTree = "<group>"; };
		D03E84D11BB589D000C6772F /* BasketIterator.m */ = {isa = PBXFileReference; fileEncoding = 4; lastKnownFileType = sourcecode.c.objc; path = BasketIterator.m; sourceTree = "<group>"; };
		D03E84D31BB58A8100C6772F /* Fruit.h */ = {isa = PBXFileReference; lastKnownFileType = sourcecode.c.h; path = Fruit.h; sourceTree = "<group>"; };
		D03E84D41BB58ADF00C6772F /* Fruit.m */ = {isa = PBXFileReference; fileEncoding = 4; lastKnownFileType = sourcecode.c.objc; path = Fruit.m; sourceTree = "<group>"; };
		D03E84D61BB58CCB00C6772F /* Iterator.h */ = {isa = PBXFileReference; lastKnownFileType = sourcecode.c.h; path = Iterator.h; sourceTree = "<group>"; };
		D03E84D71BB58CFC00C6772F /* Basket.h */ = {isa = PBXFileReference; lastKnownFileType = sourcecode.c.h; path = Basket.h; sourceTree = "<group>"; };
		D03E84D81BB58D1D00C6772F /* Basket.m */ = {isa = PBXFileReference; fileEncoding = 4; lastKnownFileType = sourcecode.c.objc; path = Basket.m; sourceTree = "<group>"; };
		D08261471BAC5EA1003E82B7 /* CommonData.h */ = {isa = PBXFileReference; lastKnownFileType = sourcecode.c.h; path = CommonData.h; sourceTree = "<group>"; };
/* End PBXFileReference section */

/* Begin PBXFrameworksBuildPhase section */
		D00B6D231BA41AB20033B1AB /* Frameworks */ = {
			isa = PBXFrameworksBuildPhase;
			buildActionMask = 2147483647;
			files = (
			);
			runOnlyForDeploymentPostprocessing = 0;
		};
/* End PBXFrameworksBuildPhase section */

/* Begin PBXGroup section */
		D00B6D1D1BA41AB20033B1AB = {
			isa = PBXGroup;
			children = (
				D00B6D281BA41AB20033B1AB /* AppleTree */,
				D00B6D271BA41AB20033B1AB /* Products */,
			);
			sourceTree = "<group>";
		};
		D00B6D271BA41AB20033B1AB /* Products */ = {
			isa = PBXGroup;
			children = (
				D00B6D261BA41AB20033B1AB /* AppleTree */,
			);
			name = Products;
			sourceTree = "<group>";
		};
		D00B6D281BA41AB20033B1AB /* AppleTree */ = {
			isa = PBXGroup;
			children = (
				D00B6D291BA41AB20033B1AB /* main.m */,
				D00B6D301BA41AE00033B1AB /* Apple.h */,
				D00B6D311BA41BBF0033B1AB /* Apple.m */,
				D00B6D331BA422870033B1AB /* Tree.h */,
				D00B6D341BA422980033B1AB /* Tree.m */,
				D08261471BAC5EA1003E82B7 /* CommonData.h */,
				D03E84D01BB5898900C6772F /* BasketIterator.h */,
				D03E84D11BB589D000C6772F /* BasketIterator.m */,
				D03E84D31BB58A8100C6772F /* Fruit.h */,
				D03E84D41BB58ADF00C6772F /* Fruit.m */,
				D03E84D61BB58CCB00C6772F /* Iterator.h */,
				D03E84D71BB58CFC00C6772F /* Basket.h */,
				D03E84D81BB58D1D00C6772F /* Basket.m */,
			);
			path = AppleTree;
			sourceTree = "<group>";
		};
/* End PBXGroup section */

/* Begin PBXNativeTarget section */
		D00B6D251BA41AB20033B1AB /* AppleTree */ = {
			isa = PBXNativeTarget;
			buildConfigurationList = D00B6D2D1BA41AB20033B1AB /* Build configuration list for PBXNativeTarget "AppleTree" */;
			buildPhases = (
				D00B6D221BA41AB20033B1AB /* Sources */,
				D00B6D231BA41AB20033B1AB /* Frameworks */,
				D00B6D241BA41AB20033B1AB /* CopyFiles */,
			);
			buildRules = (
			);
			dependencies = (
			);
			name = AppleTree;
			productName = AppleTree;
			productReference = D00B6D261BA41AB20033B1AB /* AppleTree */;
			productType = "com.apple.product-type.tool";
		};
/* End PBXNativeTarget section */

/* Begin PBXProject section */
		D00B6D1E1BA41AB20033B1AB /* Project object */ = {
			isa = PBXProject;
			attributes = {
				LastUpgradeCheck = 0620;
				ORGANIZATIONNAME = fpmi;
				TargetAttributes = {
					D00B6D251BA41AB20033B1AB = {
						CreatedOnToolsVersion = 6.2;
					};
				};
			};
			buildConfigurationList = D00B6D211BA41AB20033B1AB /* Build configuration list for PBXProject "AppleTree" */;
			compatibilityVersion = "Xcode 3.2";
			developmentRegion = English;
			hasScannedForEncodings = 0;
			knownRegions = (
				en,
			);
			mainGroup = D00B6D1D1BA41AB20033B1AB;
			productRefGroup = D00B6D271BA41AB20033B1AB /* Products */;
			projectDirPath = "";
			projectRoot = "";
			targets = (
				D00B6D251BA41AB20033B1AB /* AppleTree */,
			);
		};
/* End PBXProject section */

/* Begin PBXSourcesBuildPhase section */
		D00B6D221BA41AB20033B1AB /* Sources */ = {
			isa = PBXSourcesBuildPhase;
			buildActionMask = 2147483647;
			files = (
				D03E84D51BB58ADF00C6772F /* Fruit.m in Sources */,
				D00B6D351BA422980033B1AB /* Tree.m in Sources */,
				D00B6D321BA41BBF0033B1AB /* Apple.m in Sources */,
				D00B6D2A1BA41AB20033B1AB /* main.m in Sources */,
				D03E84D21BB589D000C6772F /* BasketIterator.m in Sources */,
				D03E84D91BB58D1D00C6772F /* Basket.m in Sources */,
			);
			runOnlyForDeploymentPostprocessing = 0;
		};
/* End PBXSourcesBuildPhase section */

/* Begin XCBuildConfiguration section */
		D00B6D2B1BA41AB20033B1AB /* Debug */ = {
			isa = XCBuildConfiguration;
			buildSettings = {
				ALWAYS_SEARCH_USER_PATHS = NO;
				CLANG_CXX_LANGUAGE_STANDARD = "gnu++0x";
				CLANG_CXX_LIBRARY = "libc++";
				CLANG_ENABLE_MODULES = YES;
				CLANG_ENABLE_OBJC_ARC = YES;
				CLANG_WARN_BOOL_CONVERSION = YES;
				CLANG_WARN_CONSTANT_CONVERSION = YES;
				CLANG_WARN_DIRECT_OBJC_ISA_USAGE = YES_ERROR;
				CLANG_WARN_EMPTY_BODY = YES;
				CLANG_WARN_ENUM_CONVERSION = YES;
				CLANG_WARN_INT_CONVERSION = YES;
				CLANG_WARN_OBJC_ROOT_CLASS = YES_ERROR;
				CLANG_WARN_UNREACHABLE_CODE = YES;
				CLANG_WARN__DUPLICATE_METHOD_MATCH = YES;
				COPY_PHASE_STRIP = NO;
				ENABLE_STRICT_OBJC_MSGSEND = YES;
				GCC_C_LANGUAGE_STANDARD = gnu99;
				GCC_DYNAMIC_NO_PIC = NO;
				GCC_OPTIMIZATION_LEVEL = 0;
				GCC_PREPROCESSOR_DEFINITIONS = (
					"DEBUG=1",
					"$(inherited)",
				);
				GCC_SYMBOLS_PRIVATE_EXTERN = NO;
				GCC_WARN_64_TO_32_BIT_CONVERSION = YES;
				GCC_WARN_ABOUT_RETURN_TYPE = YES_ERROR;
				GCC_WARN_UNDECLARED_SELECTOR = YES;
				GCC_WARN_UNINITIALIZED_AUTOS = YES_AGGRESSIVE;
				GCC_WARN_UNUSED_FUNCTION = YES;
				GCC_WARN_UNUSED_VARIABLE = YES;
				MACOSX_DEPLOYMENT_TARGET = 10.10;
				MTL_ENABLE_DEBUG_INFO = YES;
				ONLY_ACTIVE_ARCH = YES;
				SDKROOT = macosx;
			};
			name = Debug;
		};
		D00B6D2C1BA41AB20033B1AB /* Release */ = {
			isa = XCBuildConfiguration;
			buildSettings = {
				ALWAYS_SEARCH_USER_PATHS = NO;
				CLANG_CXX_LANGUAGE_STANDARD = "gnu++0x";
				CLANG_CXX_LIBRARY = "libc++";
				CLANG_ENABLE_MODULES = YES;
				CLANG_ENABLE_OBJC_ARC = YES;
				CLANG_WARN_BOOL_CONVERSION = YES;
				CLANG_WARN_CONSTANT_CONVERSION = YES;
				CLANG_WARN_DIRECT_OBJC_ISA_USAGE = YES_ERROR;
				CLANG_WARN_EMPTY_BODY = YES;
				CLANG_WARN_ENUM_CONVERSION = YES;
				CLANG_WARN_INT_CONVERSION = YES;
				CLANG_WARN_OBJC_ROOT_CLASS = YES_ERROR;
				CLANG_WARN_UNREACHABLE_CODE = YES;
				CLANG_WARN__DUPLICATE_METHOD_MATCH = YES;
				COPY_PHASE_STRIP = NO;
				DEBUG_INFORMATION_FORMAT = "dwarf-with-dsym";
				ENABLE_NS_ASSERTIONS = NO;
				ENABLE_STRICT_OBJC_MSGSEND = YES;
				GCC_C_LANGUAGE_STANDARD = gnu99;
				GCC_WARN_64_TO_32_BIT_CONVERSION = YES;
				GCC_WARN_ABOUT_RETURN_TYPE = YES_ERROR;
				GCC_WARN_UNDECLARED_SELECTOR = YES;
				GCC_WARN_UNINITIALIZED_AUTOS = YES_AGGRESSIVE;
				GCC_WARN_UNUSED_FUNCTION = YES;
				GCC_WARN_UNUSED_VARIABLE = YES;
				MACOSX_DEPLOYMENT_TARGET = 10.10;
				MTL_ENABLE_DEBUG_INFO = NO;
				SDKROOT = macosx;
			};
			name = Release;
		};
		D00B6D2E1BA41AB20033B1AB /* Debug */ = {
			isa = XCBuildConfiguration;
			buildSettings = {
				PRODUCT_NAME = "$(TARGET_NAME)";
			};
			name = Debug;
		};
		D00B6D2F1BA41AB20033B1AB /* Release */ = {
			isa = XCBuildConfiguration;
			buildSettings = {
				PRODUCT_NAME = "$(TARGET_NAME)";
			};
			name = Release;
		};
/* End XCBuildConfiguration section */

/* Begin XCConfigurationList section */
		D00B6D211BA41AB20033B1AB /* Build configuration list for PBXProject "AppleTree" */ = {
			isa = XCConfigurationList;
			buildConfigurations = (
				D00B6D2B1BA41AB20033B1AB /* Debug */,
				D00B6D2C1BA41AB20033B1AB /* Release */,
			);
			defaultConfigurationIsVisible = 0;
			defaultConfigurationName = Release;
		};
		D00B6D2D1BA41AB20033B1AB /* Build configuration list for PBXNativeTarget "AppleTree" */ = {
			isa = XCConfigurationList;
			buildConfigurations = (
				D00B6D2E1BA41AB20033B1AB /* Debug */,
				D00B6D2F1BA41AB20033B1AB /* Release */,
			);
			defaultConfigurationIsVisible = 0;
			defaultConfigurationName = Release;
		};
/* End XCConfigurationList section */
	};
	rootObject = D00B6D1E1BA41AB20033B1AB /* Project object */;
}
